<?xml version="1.0" encoding="utf-8"?>
<Project ToolsVersion="4.0" xmlns="http://schemas.microsoft.com/developer/msbuild/2003">
  <ItemGroup>
    <Filter Include="Source Files">
      <UniqueIdentifier>{4FC737F1-C7A5-4376-A066-2A32D752A2FF}</UniqueIdentifier>
      <Extensions>cpp;c;cc;cxx;def;odl;idl;hpj;bat;asm;asmx</Extensions>
    </Filter>
    <Filter Include="Header Files">
      <UniqueIdentifier>{93995380-89BD-4b04-88EB-625FBE52EBFB}</UniqueIdentifier>
      <Extensions>h;hpp;hxx;hm;inl;inc;xsd</Extensions>
    </Filter>
    <Filter Include="Resource Files">
      <UniqueIdentifier>{67DA6AB6-F800-4c08-8B7A-83BB121AAD01}</UniqueIdentifier>
      <Extensions>rc;ico;cur;bmp;dlg;rc2;rct;bin;rgs;gif;jpg;jpeg;jpe;resx;tiff;tif;png;wav</Extensions>
    </Filter>
  </ItemGroup>
  <ItemGroup>
    <ClCompile Include="cfilefind.cpp">
      <Filter>Source Files</Filter>
    </ClCompile>
    <ClCompile Include="DriveSerial.cpp">
      <Filter>Source Files</Filter>
    </ClCompile>
    <ClCompile Include="EventLogParser.cpp">
      <Filter>Source Files</Filter>
    </ClCompile>
    <ClCompile Include="ExtractRegistryInfo.cpp">
      <Filter>Source Files</Filter>
    </ClCompile>
    <ClCompile Include="FileHasher.cpp">
      <Filter>Source Files</Filter>
    </ClCompile>
    <ClCompile Include="ImageFileCopier.cpp">
      <Filter>Source Files</Filter>
    </ClCompile>
    <ClCompile Include="md5.c">
      <Filter>Source Files</Filter>
    </ClCompile>
    <ClCompile Include="NetworkInfo.cpp">
      <Filter>Source Files</Filter>
    </ClCompile>
    <ClCompile Include="RegParse.cpp">
      <Filter>Source Files</Filter>
    </ClCompile>
    <ClCompile Include="SysCallsLog.cpp">
      <Filter>Source Files</Filter>
    </ClCompile>
    <ClCompile Include="SysData.cpp">
      <Filter>Source Files</Filter>
    </ClCompile>
    <ClCompile Include="SysDataCPU.cpp">
      <Filter>Source Files</Filter>
    </ClCompile>
    <ClCompile Include="usb_serial_validate.cpp">
      <Filter>Source Files</Filter>
    </ClCompile>
    <ClCompile Include="utf8_validator.cpp">
      <Filter>Source Files</Filter>
    </ClCompile>
    <ClCompile Include="Utf8Validator\utf8Checker.cc">
      <Filter>Source Files</Filter>
    </ClCompile>
    <ClCompile Include="WSTBitmapImage.cpp">
      <Filter>Source Files</Filter>
    </ClCompile>
    <ClCompile Include="WSTLog.cpp">
      <Filter>Source Files</Filter>
    </ClCompile>
    <ClCompile Include="WSTMain.cpp">
      <Filter>Source Files</Filter>
    </ClCompile>
    <ClCompile Include="WSTRemote.cpp">
      <Filter>Source Files</Filter>
    </ClCompile>
    <ClCompile Include="xmlParser.cpp">
      <Filter>Source Files</Filter>
    </ClCompile>
    <ClCompile Include="recentdocs.cpp">
      <Filter>Source Files</Filter>
    </ClCompile>
    <ClCompile Include="x64PhysicalMemoryCapture.cpp">
      <Filter>Source Files</Filter>
    </ClCompile>
    <ClCompile Include="CpuName.cpp">
      <Filter>Source Files</Filter>
    </ClCompile>
    <ClCompile Include="TrueCryptImaging.cpp">
      <Filter>Source Files</Filter>
    </ClCompile>
    <ClCompile Include="MailCapture.cpp">
      <Filter>Source Files</Filter>
    </ClCompile>
    <ClCompile Include="HashedXML.cpp">
      <Filter>Source Files</Filter>
    </ClCompile>
    <ClCompile Include="WebForensics.cpp">
      <Filter>Source Files</Filter>
    </ClCompile>
    <ClCompile Include="TimeLine.cpp">
      <Filter>Source Files</Filter>
    </ClCompile>
    <ClCompile Include="NetForensics.cpp">
      <Filter>Source Files</Filter>
    </ClCompile>
    <ClCompile Include="DiskImaging.cpp">
      <Filter>Source Files</Filter>
    </ClCompile>
  </ItemGroup>
  <ItemGroup>
    <ClInclude Include="cfilefind.h">
      <Filter>Header Files</Filter>
    </ClInclude>
    <ClInclude Include="DiskSubsys.h">
      <Filter>Header Files</Filter>
    </ClInclude>
    <ClInclude Include="DiskVolume.h">
      <Filter>Header Files</Filter>
    </ClInclude>
    <ClInclude Include="DisplayInfo.h">
      <Filter>Header Files</Filter>
    </ClInclude>
    <ClInclude Include="DriveSerial.h">
      <Filter>Header Files</Filter>
    </ClInclude>
    <ClInclude Include="EnumServices.h">
      <Filter>Header Files</Filter>
    </ClInclude>
    <ClInclude Include="error.h">
      <Filter>Header Files</Filter>
    </ClInclude>
    <ClInclude Include="EventLogParser.h">
      <Filter>Header Files</Filter>
    </ClInclude>
    <ClInclude Include="extractreg.h">
      <Filter>Header Files</Filter>
    </ClInclude>
    <ClInclude Include="FileHasher.h">
      <Filter>Header Files</Filter>
    </ClInclude>
    <ClInclude Include="FileRetrieval.h">
      <Filter>Header Files</Filter>
    </ClInclude>
    <ClInclude Include="GetNextDirName.h">
      <Filter>Header Files</Filter>
    </ClInclude>
    <ClInclude Include="LoggedInUsers.h">
      <Filter>Header Files</Filter>
    </ClInclude>
    <ClInclude Include="md5.h">
      <Filter>Header Files</Filter>
    </ClInclude>
    <ClInclude Include="miniddk.h">
      <Filter>Header Files</Filter>
    </ClInclude>
    <ClInclude Include="NetworkInfo.h">
      <Filter>Header Files</Filter>
    </ClInclude>
    <ClInclude Include="OSVersionInfo.h">
      <Filter>Header Files</Filter>
    </ClInclude>
    <ClInclude Include="PhysicalDrive.h">
      <Filter>Header Files</Filter>
    </ClInclude>
    <ClInclude Include="PipeCommHandler.h">
      <Filter>Header Files</Filter>
    </ClInclude>
    <ClInclude Include="regparse.h">
      <Filter>Header Files</Filter>
    </ClInclude>
    <ClInclude Include="resource.h">
      <Filter>Header Files</Filter>
    </ClInclude>
    <ClInclude Include="stdafx.h">
      <Filter>Header Files</Filter>
    </ClInclude>
    <ClInclude Include="SysCallsLog.h">
      <Filter>Header Files</Filter>
    </ClInclude>
    <ClInclude Include="sysdata.h">
      <Filter>Header Files</Filter>
    </ClInclude>
    <ClInclude Include="SysDataCPU.h">
      <Filter>Header Files</Filter>
    </ClInclude>
    <ClInclude Include="SysDataDevices.h">
      <Filter>Header Files</Filter>
    </ClInclude>
    <ClInclude Include="SysDataMemory.h">
      <Filter>Header Files</Filter>
    </ClInclude>
    <ClInclude Include="SysDataUsers.h">
      <Filter>Header Files</Filter>
    </ClInclude>
    <ClInclude Include="SysLogs.h">
      <Filter>Header Files</Filter>
    </ClInclude>
    <ClInclude Include="targetver.h">
      <Filter>Header Files</Filter>
    </ClInclude>
    <ClInclude Include="tstl.h">
      <Filter>Header Files</Filter>
    </ClInclude>
    <ClInclude Include="usb_serial_validate.h">
      <Filter>Header Files</Filter>
    </ClInclude>
    <ClInclude Include="Utility.h">
      <Filter>Header Files</Filter>
    </ClInclude>
    <ClInclude Include="WSTBitmapImage.h">
      <Filter>Header Files</Filter>
    </ClInclude>
    <ClInclude Include="WSTImage.h">
      <Filter>Header Files</Filter>
    </ClInclude>
    <ClInclude Include="WSTLog.h">
      <Filter>Header Files</Filter>
    </ClInclude>
    <ClInclude Include="WSTRemote.H">
      <Filter>Header Files</Filter>
    </ClInclude>
    <ClInclude Include="xmlParser.h">
      <Filter>Header Files</Filter>
    </ClInclude>
    <ClInclude Include="zconf.h">
      <Filter>Header Files</Filter>
    </ClInclude>
    <ClInclude Include="hfuncs.h">
      <Filter>Header Files</Filter>
    </ClInclude>
    <ClInclude Include="recentdocs.h">
      <Filter>Header Files</Filter>
    </ClInclude>
    <ClInclude Include="x64PhysicalMemoryCapture.h">
      <Filter>Header Files</Filter>
    </ClInclude>
    <ClInclude Include="..\..\USB_Device_Utilities\USB Device Utilities\USB Device Utilities.h">
      <Filter>Header Files</Filter>
    </ClInclude>
    <ClInclude Include="..\..\USBInfoExtract\USBInfoExtract\USBInfoExtract.h">
      <Filter>Header Files</Filter>
    </ClInclude>
    <ClInclude Include="MailCapture.h">
      <Filter>Header Files</Filter>
    </ClInclude>
    <ClInclude Include="gui.h">
      <Filter>Header Files</Filter>
    </ClInclude>
    <ClInclude Include="WSTCommon.h">
      <Filter>Header Files</Filter>
    </ClInclude>
  </ItemGroup>
  <ItemGroup>
    <ResourceCompile Include="wstresource.rc">
      <Filter>Resource Files</Filter>
    </ResourceCompile>
  </ItemGroup>
  <ItemGroup>
    <None Include="ReadMe.txt" />
  </ItemGroup>
</Project>